
Microsoft Visual Studio Solution File, Format Version 12.00
# Visual Studio Version 16
VisualStudioVersion = 16.0.30523.141
MinimumVisualStudioVersion = 10.0.40219.1
Project("{FAE04EC0-301F-11D3-BF4B-00C04F79EFBC}") = "TestOnlineTraid", "TestOnlineTraid\TestOnlineTraid.csproj", "{42DE724B-8187-4A0B-ABA1-929198304458}"
EndProject
Global
	GlobalSection(SolutionConfigurationPlatforms) = preSolution
		Debug|Any CPU = Debug|Any CPU
		Release|Any CPU = Release|Any CPU
	EndGlobalSection
	GlobalSection(ProjectConfigurationPlatforms) = postSolution
		{42DE724B-8187-4A0B-ABA1-929198304458}.Debug|Any CPU.ActiveCfg = Debug|Any CPU
		{42DE724B-8187-4A0B-ABA1-929198304458}.Debug|Any CPU.Build.0 = Debug|Any CPU
		{42DE724B-8187-4A0B-ABA1-929198304458}.Release|Any CPU.ActiveCfg = Release|Any CPU
		{42DE724B-8187-4A0B-ABA1-929198304458}.Release|Any CPU.Build.0 = Release|Any CPU
	EndGlobalSection
	GlobalSection(SolutionProperties) = preSolution
		HideSolutionNode = FALSE
	EndGlobalSection
	GlobalSection(ExtensibilityGlobals) = postSolution
		SolutionGuid = {980FADA9-FAF7-4FBE-8BBD-598A56A738F0}
	EndGlobalSection
EndGlobal
